
Microsoft Visual Studio Solution File, Format Version 12.00
# Visual Studio Version 17
VisualStudioVersion = 17.0.31903.59
MinimumVisualStudioVersion = 10.0.40219.1
Project("{2150E333-8FDC-42A3-9474-1A3956D46DE8}") = "src", "src", "{827E0CD3-B72D-47B6-A68D-7590B98EB39B}"
EndProject
Project("{FAE04EC0-301F-11D3-BF4B-00C04F79EFBC}") = "ZyrexMES.Api", "src\ZyrexMES.Api\ZyrexMES.Api.csproj", "{37F54769-9207-4333-A0EB-4491F8BD0635}"
EndProject
Project("{FAE04EC0-301F-11D3-BF4B-00C04F79EFBC}") = "ZyrexMES.Infrastructure", "src\ZyrexMES.Infrastructure\ZyrexMES.Infrastructure.csproj", "{ADD90287-E533-4383-89EF-4352CCAE0241}"
EndProject
Project("{FAE04EC0-301F-11D3-BF4B-00C04F79EFBC}") = "ZyrexMES.Domain", "src\ZyrexMES.Domain\ZyrexMES.Domain.csproj", "{FF2A13ED-3377-4FD0-93E7-D041B74988E9}"
EndProject
Project("{2150E333-8FDC-42A3-9474-1A3956D46DE8}") = "tests", "tests", "{0AB3BF05-4346-4AA6-1389-037BE0695223}"
EndProject
Project("{FAE04EC0-301F-11D3-BF4B-00C04F79EFBC}") = "ZyrexMES.Api.Tests", "tests\ZyrexMES.Api.Tests\ZyrexMES.Api.Tests.csproj", "{F2A7FA71-C2FD-4946-ADEB-CBB4289A3B19}"
EndProject
Project("{FAE04EC0-301F-11D3-BF4B-00C04F79EFBC}") = "ZyrexMES.PrintAgent", "..\agent\ZyrexMES.PrintAgent\ZyrexMES.PrintAgent.csproj", "{AB1B942D-A382-4CFA-BD03-38470B07F3EF}"
EndProject
Project("{FAE04EC0-301F-11D3-BF4B-00C04F79EFBC}") = "ZyrexMES.PrintAgent.Tests", "..\agent\ZyrexMES.PrintAgent.Tests\ZyrexMES.PrintAgent.Tests.csproj", "{DF24EDBA-D7EB-4A36-A1B3-7BC130AB6318}"
EndProject
Global
	GlobalSection(SolutionConfigurationPlatforms) = preSolution
		Debug|Any CPU = Debug|Any CPU
		Debug|x64 = Debug|x64
		Debug|x86 = Debug|x86
		Release|Any CPU = Release|Any CPU
		Release|x64 = Release|x64
		Release|x86 = Release|x86
	EndGlobalSection
	GlobalSection(ProjectConfigurationPlatforms) = postSolution
		{37F54769-9207-4333-A0EB-4491F8BD0635}.Debug|Any CPU.ActiveCfg = Debug|Any CPU
		{37F54769-9207-4333-A0EB-4491F8BD0635}.Debug|Any CPU.Build.0 = Debug|Any CPU
		{37F54769-9207-4333-A0EB-4491F8BD0635}.Debug|x64.ActiveCfg = Debug|Any CPU
		{37F54769-9207-4333-A0EB-4491F8BD0635}.Debug|x64.Build.0 = Debug|Any CPU
		{37F54769-9207-4333-A0EB-4491F8BD0635}.Debug|x86.ActiveCfg = Debug|Any CPU
		{37F54769-9207-4333-A0EB-4491F8BD0635}.Debug|x86.Build.0 = Debug|Any CPU
		{37F54769-9207-4333-A0EB-4491F8BD0635}.Release|Any CPU.ActiveCfg = Release|Any CPU
		{37F54769-9207-4333-A0EB-4491F8BD0635}.Release|Any CPU.Build.0 = Release|Any CPU
		{37F54769-9207-4333-A0EB-4491F8BD0635}.Release|x64.ActiveCfg = Release|Any CPU
		{37F54769-9207-4333-A0EB-4491F8BD0635}.Release|x64.Build.0 = Release|Any CPU
		{37F54769-9207-4333-A0EB-4491F8BD0635}.Release|x86.ActiveCfg = Release|Any CPU
		{37F54769-9207-4333-A0EB-4491F8BD0635}.Release|x86.Build.0 = Release|Any CPU
		{ADD90287-E533-4383-89EF-4352CCAE0241}.Debug|Any CPU.ActiveCfg = Debug|Any CPU
		{ADD90287-E533-4383-89EF-4352CCAE0241}.Debug|Any CPU.Build.0 = Debug|Any CPU
		{ADD90287-E533-4383-89EF-4352CCAE0241}.Debug|x64.ActiveCfg = Debug|Any CPU
		{ADD90287-E533-4383-89EF-4352CCAE0241}.Debug|x64.Build.0 = Debug|Any CPU
		{ADD90287-E533-4383-89EF-4352CCAE0241}.Debug|x86.ActiveCfg = Debug|Any CPU
		{ADD90287-E533-4383-89EF-4352CCAE0241}.Debug|x86.Build.0 = Debug|Any CPU
		{ADD90287-E533-4383-89EF-4352CCAE0241}.Release|Any CPU.ActiveCfg = Release|Any CPU
		{ADD90287-E533-4383-89EF-4352CCAE0241}.Release|Any CPU.Build.0 = Release|Any CPU
		{ADD90287-E533-4383-89EF-4352CCAE0241}.Release|x64.ActiveCfg = Release|Any CPU
		{ADD90287-E533-4383-89EF-4352CCAE0241}.Release|x64.Build.0 = Release|Any CPU
		{ADD90287-E533-4383-89EF-4352CCAE0241}.Release|x86.ActiveCfg = Release|Any CPU
		{ADD90287-E533-4383-89EF-4352CCAE0241}.Release|x86.Build.0 = Release|Any CPU
		{FF2A13ED-3377-4FD0-93E7-D041B74988E9}.Debug|Any CPU.ActiveCfg = Debug|Any CPU
		{FF2A13ED-3377-4FD0-93E7-D041B74988E9}.Debug|Any CPU.Build.0 = Debug|Any CPU
		{FF2A13ED-3377-4FD0-93E7-D041B74988E9}.Debug|x64.ActiveCfg = Debug|Any CPU
		{FF2A13ED-3377-4FD0-93E7-D041B74988E9}.Debug|x64.Build.0 = Debug|Any CPU
		{FF2A13ED-3377-4FD0-93E7-D041B74988E9}.Debug|x86.ActiveCfg = Debug|Any CPU
		{FF2A13ED-3377-4FD0-93E7-D041B74988E9}.Debug|x86.Build.0 = Debug|Any CPU
		{FF2A13ED-3377-4FD0-93E7-D041B74988E9}.Release|Any CPU.ActiveCfg = Release|Any CPU
		{FF2A13ED-3377-4FD0-93E7-D041B74988E9}.Release|Any CPU.Build.0 = Release|Any CPU
		{FF2A13ED-3377-4FD0-93E7-D041B74988E9}.Release|x64.ActiveCfg = Release|Any CPU
		{FF2A13ED-3377-4FD0-93E7-D041B74988E9}.Release|x64.Build.0 = Release|Any CPU
		{FF2A13ED-3377-4FD0-93E7-D041B74988E9}.Release|x86.ActiveCfg = Release|Any CPU
		{FF2A13ED-3377-4FD0-93E7-D041B74988E9}.Release|x86.Build.0 = Release|Any CPU
		{F2A7FA71-C2FD-4946-ADEB-CBB4289A3B19}.Debug|Any CPU.ActiveCfg = Debug|Any CPU
		{F2A7FA71-C2FD-4946-ADEB-CBB4289A3B19}.Debug|Any CPU.Build.0 = Debug|Any CPU
		{F2A7FA71-C2FD-4946-ADEB-CBB4289A3B19}.Debug|x64.ActiveCfg = Debug|Any CPU
		{F2A7FA71-C2FD-4946-ADEB-CBB4289A3B19}.Debug|x64.Build.0 = Debug|Any CPU
		{F2A7FA71-C2FD-4946-ADEB-CBB4289A3B19}.Debug|x86.ActiveCfg = Debug|Any CPU
		{F2A7FA71-C2FD-4946-ADEB-CBB4289A3B19}.Debug|x86.Build.0 = Debug|Any CPU
		{F2A7FA71-C2FD-4946-ADEB-CBB4289A3B19}.Release|Any CPU.ActiveCfg = Release|Any CPU
		{F2A7FA71-C2FD-4946-ADEB-CBB4289A3B19}.Release|Any CPU.Build.0 = Release|Any CPU
		{F2A7FA71-C2FD-4946-ADEB-CBB4289A3B19}.Release|x64.ActiveCfg = Release|Any CPU
		{F2A7FA71-C2FD-4946-ADEB-CBB4289A3B19}.Release|x64.Build.0 = Release|Any CPU
		{F2A7FA71-C2FD-4946-ADEB-CBB4289A3B19}.Release|x86.ActiveCfg = Release|Any CPU
		{F2A7FA71-C2FD-4946-ADEB-CBB4289A3B19}.Release|x86.Build.0 = Release|Any CPU
		{AB1B942D-A382-4CFA-BD03-38470B07F3EF}.Debug|Any CPU.ActiveCfg = Debug|Any CPU
		{AB1B942D-A382-4CFA-BD03-38470B07F3EF}.Debug|Any CPU.Build.0 = Debug|Any CPU
		{AB1B942D-A382-4CFA-BD03-38470B07F3EF}.Debug|x64.ActiveCfg = Debug|Any CPU
		{AB1B942D-A382-4CFA-BD03-38470B07F3EF}.Debug|x64.Build.0 = Debug|Any CPU
		{AB1B942D-A382-4CFA-BD03-38470B07F3EF}.Debug|x86.ActiveCfg = Debug|Any CPU
		{AB1B942D-A382-4CFA-BD03-38470B07F3EF}.Debug|x86.Build.0 = Debug|Any CPU
		{AB1B942D-A382-4CFA-BD03-38470B07F3EF}.Release|Any CPU.ActiveCfg = Release|Any CPU
		{AB1B942D-A382-4CFA-BD03-38470B07F3EF}.Release|Any CPU.Build.0 = Release|Any CPU
		{AB1B942D-A382-4CFA-BD03-38470B07F3EF}.Release|x64.ActiveCfg = Release|Any CPU
		{AB1B942D-A382-4CFA-BD03-38470B07F3EF}.Release|x64.Build.0 = Release|Any CPU
		{AB1B942D-A382-4CFA-BD03-38470B07F3EF}.Release|x86.ActiveCfg = Release|Any CPU
		{AB1B942D-A382-4CFA-BD03-38470B07F3EF}.Release|x86.Build.0 = Release|Any CPU
		{DF24EDBA-D7EB-4A36-A1B3-7BC130AB6318}.Debug|Any CPU.ActiveCfg = Debug|Any CPU
		{DF24EDBA-D7EB-4A36-A1B3-7BC130AB6318}.Debug|Any CPU.Build.0 = Debug|Any CPU
		{DF24EDBA-D7EB-4A36-A1B3-7BC130AB6318}.Debug|x64.ActiveCfg = Debug|Any CPU
		{DF24EDBA-D7EB-4A36-A1B3-7BC130AB6318}.Debug|x64.Build.0 = Debug|Any CPU
		{DF24EDBA-D7EB-4A36-A1B3-7BC130AB6318}.Debug|x86.ActiveCfg = Debug|Any CPU
		{DF24EDBA-D7EB-4A36-A1B3-7BC130AB6318}.Debug|x86.Build.0 = Debug|Any CPU
		{DF24EDBA-D7EB-4A36-A1B3-7BC130AB6318}.Release|Any CPU.ActiveCfg = Release|Any CPU
		{DF24EDBA-D7EB-4A36-A1B3-7BC130AB6318}.Release|Any CPU.Build.0 = Release|Any CPU
		{DF24EDBA-D7EB-4A36-A1B3-7BC130AB6318}.Release|x64.ActiveCfg = Release|Any CPU
		{DF24EDBA-D7EB-4A36-A1B3-7BC130AB6318}.Release|x64.Build.0 = Release|Any CPU
		{DF24EDBA-D7EB-4A36-A1B3-7BC130AB6318}.Release|x86.ActiveCfg = Release|Any CPU
		{DF24EDBA-D7EB-4A36-A1B3-7BC130AB6318}.Release|x86.Build.0 = Release|Any CPU
	EndGlobalSection
	GlobalSection(SolutionProperties) = preSolution
		HideSolutionNode = FALSE
	EndGlobalSection
	GlobalSection(NestedProjects) = preSolution
		{37F54769-9207-4333-A0EB-4491F8BD0635} = {827E0CD3-B72D-47B6-A68D-7590B98EB39B}
		{ADD90287-E533-4383-89EF-4352CCAE0241} = {827E0CD3-B72D-47B6-A68D-7590B98EB39B}
		{FF2A13ED-3377-4FD0-93E7-D041B74988E9} = {827E0CD3-B72D-47B6-A68D-7590B98EB39B}
		{F2A7FA71-C2FD-4946-ADEB-CBB4289A3B19} = {0AB3BF05-4346-4AA6-1389-037BE0695223}
	EndGlobalSection
EndGlobal
